
Microsoft Visual Studio Solution File, Format Version 12.00
# Visual Studio Version 17
VisualStudioVersion = 17.5.33424.131
MinimumVisualStudioVersion = 10.0.40219.1
Project("{FAE04EC0-301F-11D3-BF4B-00C04F79EFBC}") = "практика", "практика\практика.csproj", "{0379FF16-54D0-4685-8DAD-36C9090B8BBC}"
EndProject
Global
	GlobalSection(SolutionConfigurationPlatforms) = preSolution
		Debug|Any CPU = Debug|Any CPU
		Release|Any CPU = Release|Any CPU
	EndGlobalSection
	GlobalSection(ProjectConfigurationPlatforms) = postSolution
		{0379FF16-54D0-4685-8DAD-36C9090B8BBC}.Debug|Any CPU.ActiveCfg = Debug|Any CPU
		{0379FF16-54D0-4685-8DAD-36C9090B8BBC}.Debug|Any CPU.Build.0 = Debug|Any CPU
		{0379FF16-54D0-4685-8DAD-36C9090B8BBC}.Release|Any CPU.ActiveCfg = Release|Any CPU
		{0379FF16-54D0-4685-8DAD-36C9090B8BBC}.Release|Any CPU.Build.0 = Release|Any CPU
	EndGlobalSection
	GlobalSection(SolutionProperties) = preSolution
		HideSolutionNode = FALSE
	EndGlobalSection
	GlobalSection(ExtensibilityGlobals) = postSolution
		SolutionGuid = {C6AC7CF2-22FE-47C4-BB83-B805D9484617}
	EndGlobalSection
EndGlobal
