
Microsoft Visual Studio Solution File, Format Version 12.00
# Visual Studio Version 17
VisualStudioVersion = 17.4.33122.133
MinimumVisualStudioVersion = 10.0.40219.1
Project("{FAE04EC0-301F-11D3-BF4B-00C04F79EFBC}") = "map", "map.csproj", "{F1D87C0E-68CF-47A3-A9E4-6323E2C7BCEA}"
EndProject
Global
	GlobalSection(SolutionConfigurationPlatforms) = preSolution
		Debug|Any CPU = Debug|Any CPU
		Release|Any CPU = Release|Any CPU
	EndGlobalSection
	GlobalSection(ProjectConfigurationPlatforms) = postSolution
		{F1D87C0E-68CF-47A3-A9E4-6323E2C7BCEA}.Debug|Any CPU.ActiveCfg = Debug|Any CPU
		{F1D87C0E-68CF-47A3-A9E4-6323E2C7BCEA}.Debug|Any CPU.Build.0 = Debug|Any CPU
		{F1D87C0E-68CF-47A3-A9E4-6323E2C7BCEA}.Release|Any CPU.ActiveCfg = Release|Any CPU
		{F1D87C0E-68CF-47A3-A9E4-6323E2C7BCEA}.Release|Any CPU.Build.0 = Release|Any CPU
	EndGlobalSection
	GlobalSection(SolutionProperties) = preSolution
		HideSolutionNode = FALSE
	EndGlobalSection
	GlobalSection(ExtensibilityGlobals) = postSolution
		SolutionGuid = {122C46F3-1301-4F53-AEDC-6197CD98A2D0}
	EndGlobalSection
EndGlobal
